# This file is @generated by PDM.
# It is not intended for manual editing.

[metadata]
groups = ["default"]
strategy = ["inherit_metadata"]
lock_version = "4.5.0"
content_hash = "sha256:73b5d7502c1e4fd873a5d124e792a11926574a49e2f64c9acd7229de6d5c508c"

[[metadata.targets]]
requires_python = "==3.13.*"

[[package]]
name = "pyqt6"
version = "6.10.0"
requires_python = ">=3.9"
summary = "Python bindings for the Qt cross platform application toolkit"
groups = ["default"]
dependencies = [
    "PyQt6-Qt6<6.11.0,>=6.10.0",
    "PyQt6-sip<14,>=13.8",
]
files = [
    {file = "pyqt6-6.10.0-1-cp39-abi3-manylinux_2_34_x86_64.whl", hash = "sha256:54b6b022369e4e6ade8cf79c0f988558839df7b2c285f814b4567d15a0fcb756"},
    {file = "pyqt6-6.10.0-cp39-abi3-macosx_10_14_universal2.whl", hash = "sha256:0eb82f152a83a8ae39f7d3ba580829ff7c0e8179d19d70f396853c10c8ddc5ac"},
    {file = "pyqt6-6.10.0-cp39-abi3-manylinux_2_34_x86_64.whl", hash = "sha256:43e94a0ad4713055b47b4676d23432349845729912e4f3d20ac95935931c5e6f"},
    {file = "pyqt6-6.10.0-cp39-abi3-manylinux_2_39_aarch64.whl", hash = "sha256:357da0f1465557dde249a31bc1f152320b7628a644e1d55d2db09b635394f39f"},
    {file = "pyqt6-6.10.0-cp39-abi3-win_amd64.whl", hash = "sha256:8b5e4ea573733017a76bd12ea1b53351fd7f6dc57f8abf4329c4a41fea6dde04"},
    {file = "pyqt6-6.10.0-cp39-abi3-win_arm64.whl", hash = "sha256:c2b5fc1a028e95b096f3a5966611cc8194e8e9e69984c41477417e18b5ce1362"},
    {file = "pyqt6-6.10.0.tar.gz", hash = "sha256:710ecfd720d9a03b2c684881ae37f528e11d17e8f1bf96431d00a6a73f308e36"},
]

[[package]]
name = "pyqt6-qt6"
version = "6.10.0"
summary = "The subset of a Qt installation needed by PyQt6."
groups = ["default"]
files = [
    {file = "pyqt6_qt6-6.10.0-py3-none-macosx_10_14_x86_64.whl", hash = "sha256:9b48d9eba795a78d21393b1909e7a0406512038ea4667463e4882e284bf95817"},
    {file = "pyqt6_qt6-6.10.0-py3-none-macosx_11_0_arm64.whl", hash = "sha256:768ced73dbb2c85e6d72ea63fd7409ba934d4b24580ef073a3eb16fd88d3fe70"},
    {file = "pyqt6_qt6-6.10.0-py3-none-manylinux_2_34_x86_64.whl", hash = "sha256:cd38b281bb7229b8114f13126aacd77f831a97105fdb1d900260a48ead8c9fcd"},
    {file = "pyqt6_qt6-6.10.0-py3-none-manylinux_2_39_aarch64.whl", hash = "sha256:497df665091451ab7fde3355e262b243d2a2d97924b899a5cbb193a0cc573b7e"},
    {file = "pyqt6_qt6-6.10.0-py3-none-win_amd64.whl", hash = "sha256:d11bc03908cacbd2e3426289ad51dcf6d2896af6ffec595626ce9cf9b93e770d"},
    {file = "pyqt6_qt6-6.10.0-py3-none-win_arm64.whl", hash = "sha256:7f3ae89337e905dba436c226027ebd8777d4cdeef386131ad9a1b0a53ecc1a81"},
]

[[package]]
name = "pyqt6-sip"
version = "13.10.2"
requires_python = ">=3.9"
summary = "The sip module support for PyQt6"
groups = ["default"]
files = [
    {file = "pyqt6_sip-13.10.2-cp313-cp313-macosx_10_13_universal2.whl", hash = "sha256:8b5d06a0eac36038fa8734657d99b5fe92263ae7a0cd0a67be6acfe220a063e1"},
    {file = "pyqt6_sip-13.10.2-cp313-cp313-manylinux_2_17_aarch64.manylinux2014_aarch64.whl", hash = "sha256:ad376a6078da37b049fdf9d6637d71b52727e65c4496a80b753ddc8d27526aca"},
    {file = "pyqt6_sip-13.10.2-cp313-cp313-manylinux_2_5_x86_64.manylinux1_x86_64.whl", hash = "sha256:3dde8024d055f496eba7d44061c5a1ba4eb72fc95e5a9d7a0dbc908317e0888b"},
    {file = "pyqt6_sip-13.10.2-cp313-cp313-win_amd64.whl", hash = "sha256:0b097eb58b4df936c4a2a88a2f367c8bb5c20ff049a45a7917ad75d698e3b277"},
    {file = "pyqt6_sip-13.10.2-cp313-cp313-win_arm64.whl", hash = "sha256:cc6a1dfdf324efaac6e7b890a608385205e652845c62130de919fd73a6326244"},
    {file = "pyqt6_sip-13.10.2.tar.gz", hash = "sha256:464ad156bf526500ce6bd05cac7a82280af6309974d816739b4a9a627156fafe"},
]
